{
    "_readme": [
        "This file locks the dependencies of your project to a known state",
        "Read more about it at https://getcomposer.org/doc/01-basic-usage.md#composer-lock-the-lock-file",
        "This file is @generated automatically"
    ],
    "content-hash": "4e864d987d4ef2b45899adc094dc78f6",
    "packages": [
        {
            "name": "anax/common",
            "version": "v1.0.13",
            "source": {
                "type": "git",
                "url": "https://github.com/canax/common.git",
                "reference": "507714bd3bd913e2cf72340e907a7ae907d0cd60"
            },
            "dist": {
                "type": "zip",
                "url": "https://api.github.com/repos/canax/common/zipball/507714bd3bd913e2cf72340e907a7ae907d0cd60",
                "reference": "507714bd3bd913e2cf72340e907a7ae907d0cd60",
                "shasum": ""
            },
            "require": {
                "php": ">=5.6"
            },
            "require-dev": {
                "php": ">=5.6"
            },
            "type": "library",
            "autoload": {
                "psr-4": {
                    "Anax\\": "src/"
                },
                "files": [
                    "src/functions.php"
                ]
            },
            "notification-url": "https://packagist.org/downloads/",
            "license": [
                "MIT"
            ],
            "authors": [
                {
                    "name": "Mikael Roos",
                    "email": "mos@dbwebb.se",
                    "homepage": "https://dbwebb.se",
                    "role": "Developer"
                }
            ],
            "description": "Anax Common functions and classes.",
            "homepage": "https://dbwebb.se/anax",
            "keywords": [
                "boilerplate",
                "education",
                "framework",
                "micro",
                "mvc"
            ],
            "time": "2017-08-10T15:25:00+00:00"
        },
        {
            "name": "anax/configure",
            "version": "v1.0.1",
            "source": {
                "type": "git",
                "url": "https://github.com/canax/configure.git",
                "reference": "dfc8051df00f6b8f1e22f3441827765945f6f8bd"
            },
            "dist": {
                "type": "zip",
                "url": "https://api.github.com/repos/canax/configure/zipball/dfc8051df00f6b8f1e22f3441827765945f6f8bd",
                "reference": "dfc8051df00f6b8f1e22f3441827765945f6f8bd",
                "shasum": ""
            },
            "require": {
                "php": ">=5.6"
            },
            "type": "library",
            "autoload": {
                "psr-4": {
                    "Anax\\": "src/"
                }
            },
            "notification-url": "https://packagist.org/downloads/",
            "license": [
                "MIT"
            ],
            "authors": [
                {
                    "name": "Mikael Roos",
                    "email": "mos@dbwebb.se",
                    "homepage": "https://dbwebb.se",
                    "role": "Developer"
                }
            ],
            "description": "Anax Configure module for reading config files.",
            "homepage": "https://dbwebb.se/anax",
            "keywords": [
                "boilerplate",
                "education",
                "framework",
                "micro",
                "mvc"
            ],
            "time": "2017-08-10T15:15:07+00:00"
        },
        {
            "name": "anax/request",
            "version": "v1.0.5",
            "source": {
                "type": "git",
                "url": "https://github.com/canax/request.git",
                "reference": "6a1ee3cde19d0f2d9a135dfbf346afd8bd5c009c"
            },
            "dist": {
                "type": "zip",
                "url": "https://api.github.com/repos/canax/request/zipball/6a1ee3cde19d0f2d9a135dfbf346afd8bd5c009c",
                "reference": "6a1ee3cde19d0f2d9a135dfbf346afd8bd5c009c",
                "shasum": ""
            },
            "require": {
                "php": ">=5.6"
            },
            "require-dev": {
                "php": ">=5.6"
            },
            "type": "library",
            "autoload": {
                "psr-4": {
                    "Anax\\": "src/"
                }
            },
            "notification-url": "https://packagist.org/downloads/",
            "license": [
                "MIT"
            ],
            "authors": [
                {
                    "name": "Mikael Roos",
                    "email": "mos@dbwebb.se",
                    "homepage": "https://dbwebb.se",
                    "role": "Developer"
                }
            ],
            "description": "Anax Request class.",
            "homepage": "https://dbwebb.se/anax",
            "keywords": [
                "boilerplate",
                "education",
                "framework",
                "micro",
                "mvc"
            ],
            "time": "2017-06-26T12:29:07+00:00"
        },
        {
            "name": "anax/response",
            "version": "v1.0.5",
            "source": {
                "type": "git",
                "url": "https://github.com/canax/response.git",
                "reference": "b026eea38af2a52874fe9cbf7b58db37d08b34c9"
            },
            "dist": {
                "type": "zip",
                "url": "https://api.github.com/repos/canax/response/zipball/b026eea38af2a52874fe9cbf7b58db37d08b34c9",
                "reference": "b026eea38af2a52874fe9cbf7b58db37d08b34c9",
                "shasum": ""
            },
            "require": {
                "php": ">=5.6"
            },
            "type": "library",
            "autoload": {
                "psr-4": {
                    "Anax\\": "src/"
                }
            },
            "notification-url": "https://packagist.org/downloads/",
            "license": [
                "MIT"
            ],
            "authors": [
                {
                    "name": "Mikael Roos",
                    "email": "mos@dbwebb.se",
                    "homepage": "https://dbwebb.se",
                    "role": "Developer"
                }
            ],
            "description": "Anax Response module.",
            "homepage": "https://dbwebb.se/anax",
            "keywords": [
                "boilerplate",
                "education",
                "framework",
                "micro",
                "mvc"
            ],
            "time": "2017-04-12T14:55:30+00:00"
        },
        {
            "name": "anax/router",
            "version": "v1.0.11",
            "source": {
                "type": "git",
                "url": "https://github.com/canax/router.git",
                "reference": "f97d4a1428afcba046c780ae011ff313b4a1aafc"
            },
            "dist": {
                "type": "zip",
                "url": "https://api.github.com/repos/canax/router/zipball/f97d4a1428afcba046c780ae011ff313b4a1aafc",
                "reference": "f97d4a1428afcba046c780ae011ff313b4a1aafc",
                "shasum": ""
            },
            "require": {
                "anax/common": "1.0.*",
                "php": ">=5.6"
            },
            "type": "library",
            "autoload": {
                "psr-4": {
                    "Anax\\": "src/"
                }
            },
            "notification-url": "https://packagist.org/downloads/",
            "license": [
                "MIT"
            ],
            "authors": [
                {
                    "name": "Mikael Roos",
                    "email": "mos@dbwebb.se",
                    "homepage": "https://dbwebb.se",
                    "role": "Developer"
                }
            ],
            "description": "Anax Router module.",
            "homepage": "https://dbwebb.se/anax",
            "keywords": [
                "boilerplate",
                "education",
                "framework",
                "micro",
                "mvc"
            ],
            "time": "2017-08-10T15:34:21+00:00"
        },
        {
            "name": "anax/session",
            "version": "v1.0.1",
            "source": {
                "type": "git",
                "url": "https://github.com/canax/session.git",
                "reference": "ac7b95fe9433430ed2055d3699d80aa355b8a61f"
            },
            "dist": {
                "type": "zip",
                "url": "https://api.github.com/repos/canax/session/zipball/ac7b95fe9433430ed2055d3699d80aa355b8a61f",
                "reference": "ac7b95fe9433430ed2055d3699d80aa355b8a61f",
                "shasum": ""
            },
            "require": {
                "php": ">=5.6"
            },
            "require-dev": {
                "anax/configure": "^1.0"
            },
            "suggest": {
                "anax/configure": "^1.0"
            },
            "type": "library",
            "autoload": {
                "psr-4": {
                    "Anax\\": "src/"
                }
            },
            "notification-url": "https://packagist.org/downloads/",
            "license": [
                "MIT"
            ],
            "authors": [
                {
                    "name": "Mikael Roos",
                    "email": "mos@dbwebb.se",
                    "homepage": "https://dbwebb.se",
                    "role": "Developer"
                }
            ],
            "description": "Anax Session module.",
            "homepage": "https://dbwebb.se/anax",
            "keywords": [
                "boilerplate",
                "education",
                "framework",
                "micro",
                "mvc"
            ],
            "time": "2017-06-26T12:21:47+00:00"
        },
        {
            "name": "anax/textfilter",
            "version": "v1.0.1",
            "source": {
                "type": "git",
                "url": "https://github.com/canax/textfilter.git",
                "reference": "16999dc137d005f332e71459802f44310309f7f1"
            },
            "dist": {
                "type": "zip",
                "url": "https://api.github.com/repos/canax/textfilter/zipball/16999dc137d005f332e71459802f44310309f7f1",
                "reference": "16999dc137d005f332e71459802f44310309f7f1",
                "shasum": ""
            },
            "require": {
                "ezyang/htmlpurifier": "4.*",
                "michelf/php-markdown": "1.6.*",
                "michelf/php-smartypants": "1.6.*",
                "php": ">=5.6",
                "scrivo/highlight.php": "^9.0"
            },
            "suggest": {
                "ext-json": "*",
                "ext-yaml": "*"
            },
            "type": "library",
            "autoload": {
                "psr-4": {
                    "Anax\\": "src/"
                }
            },
            "notification-url": "https://packagist.org/downloads/",
            "license": [
                "MIT"
            ],
            "authors": [
                {
                    "name": "Mikael Roos",
                    "email": "mos@dbwebb.se",
                    "homepage": "https://dbwebb.se",
                    "role": "Developer"
                }
            ],
            "description": "Anax TextFilter module.",
            "homepage": "https://dbwebb.se/anax",
            "keywords": [
                "boilerplate",
                "education",
                "framework",
                "micro",
                "mvc"
            ],
            "time": "2017-08-03T08:24:17+00:00"
        },
        {
            "name": "anax/url",
            "version": "v1.0.6",
            "source": {
                "type": "git",
                "url": "https://github.com/canax/url.git",
                "reference": "5d3fa7b073ac63426c9b0446a5e86ecafbd1f67e"
            },
            "dist": {
                "type": "zip",
                "url": "https://api.github.com/repos/canax/url/zipball/5d3fa7b073ac63426c9b0446a5e86ecafbd1f67e",
                "reference": "5d3fa7b073ac63426c9b0446a5e86ecafbd1f67e",
                "shasum": ""
            },
            "require": {
                "anax/common": "^1.0",
                "php": ">=5.6"
            },
            "require-dev": {
                "php": ">=5.6"
            },
            "type": "library",
            "autoload": {
                "psr-4": {
                    "Anax\\": "src/"
                }
            },
            "notification-url": "https://packagist.org/downloads/",
            "license": [
                "MIT"
            ],
            "authors": [
                {
                    "name": "Mikael Roos",
                    "email": "mos@dbwebb.se",
                    "homepage": "https://dbwebb.se",
                    "role": "Developer"
                }
            ],
            "description": "Anax Url class.",
            "homepage": "https://dbwebb.se/anax",
            "keywords": [
                "boilerplate",
                "education",
                "framework",
                "micro",
                "mvc"
            ],
            "time": "2017-03-30T22:16:53+00:00"
        },
        {
            "name": "anax/view",
            "version": "v1.0.13",
            "source": {
                "type": "git",
                "url": "https://github.com/canax/view.git",
                "reference": "cf76fff1af751bbb091f91f1ee2c816f35a0da78"
            },
            "dist": {
                "type": "zip",
                "url": "https://api.github.com/repos/canax/view/zipball/cf76fff1af751bbb091f91f1ee2c816f35a0da78",
                "reference": "cf76fff1af751bbb091f91f1ee2c816f35a0da78",
                "shasum": ""
            },
            "require": {
                "anax/common": "^1.0",
                "php": ">=5.6"
            },
            "type": "library",
            "autoload": {
                "psr-4": {
                    "Anax\\": "src/"
                }
            },
            "notification-url": "https://packagist.org/downloads/",
            "license": [
                "MIT"
            ],
            "authors": [
                {
                    "name": "Mikael Roos",
                    "email": "mos@dbwebb.se",
                    "homepage": "https://dbwebb.se",
                    "role": "Developer"
                }
            ],
            "description": "Anax View module.",
            "homepage": "https://dbwebb.se/anax",
            "keywords": [
                "boilerplate",
                "education",
                "framework",
                "micro",
                "mvc"
            ],
            "time": "2017-08-10T15:20:19+00:00"
        },
        {
            "name": "ezyang/htmlpurifier",
            "version": "v4.9.3",
            "source": {
                "type": "git",
                "url": "https://github.com/ezyang/htmlpurifier.git",
                "reference": "95e1bae3182efc0f3422896a3236e991049dac69"
            },
            "dist": {
                "type": "zip",
                "url": "https://api.github.com/repos/ezyang/htmlpurifier/zipball/95e1bae3182efc0f3422896a3236e991049dac69",
                "reference": "95e1bae3182efc0f3422896a3236e991049dac69",
                "shasum": ""
            },
            "require": {
                "php": ">=5.2"
            },
            "require-dev": {
                "simpletest/simpletest": "^1.1"
            },
            "type": "library",
            "autoload": {
                "psr-0": {
                    "HTMLPurifier": "library/"
                },
                "files": [
                    "library/HTMLPurifier.composer.php"
                ]
            },
            "notification-url": "https://packagist.org/downloads/",
            "license": [
                "LGPL"
            ],
            "authors": [
                {
                    "name": "Edward Z. Yang",
                    "email": "admin@htmlpurifier.org",
                    "homepage": "http://ezyang.com"
                }
            ],
            "description": "Standards compliant HTML filter written in PHP",
            "homepage": "http://htmlpurifier.org/",
            "keywords": [
                "html"
            ],
            "time": "2017-06-03T02:28:16+00:00"
        },
        {
            "name": "michelf/php-markdown",
            "version": "1.6.0",
            "source": {
                "type": "git",
                "url": "https://github.com/michelf/php-markdown.git",
                "reference": "156e56ee036505ec637d761ee62dc425d807183c"
            },
            "dist": {
                "type": "zip",
                "url": "https://api.github.com/repos/michelf/php-markdown/zipball/156e56ee036505ec637d761ee62dc425d807183c",
                "reference": "156e56ee036505ec637d761ee62dc425d807183c",
                "shasum": ""
            },
            "require": {
                "php": ">=5.3.0"
            },
            "type": "library",
            "extra": {
                "branch-alias": {
                    "dev-lib": "1.4.x-dev"
                }
            },
            "autoload": {
                "psr-0": {
                    "Michelf": ""
                }
            },
            "notification-url": "https://packagist.org/downloads/",
            "license": [
                "BSD-3-Clause"
            ],
            "authors": [
                {
                    "name": "Michel Fortin",
                    "email": "michel.fortin@michelf.ca",
                    "homepage": "https://michelf.ca/",
                    "role": "Developer"
                },
                {
                    "name": "John Gruber",
                    "homepage": "https://daringfireball.net/"
                }
            ],
            "description": "PHP Markdown",
            "homepage": "https://michelf.ca/projects/php-markdown/",
            "keywords": [
                "markdown"
            ],
            "time": "2015-12-24T01:37:31+00:00"
        },
        {
            "name": "michelf/php-smartypants",
            "version": "1.6.0",
            "source": {
                "type": "git",
                "url": "https://github.com/michelf/php-smartypants.git",
                "reference": "674badae316a957173c67dd3184e21cb6807d7fb"
            },
            "dist": {
                "type": "zip",
                "url": "https://api.github.com/repos/michelf/php-smartypants/zipball/674badae316a957173c67dd3184e21cb6807d7fb",
                "reference": "674badae316a957173c67dd3184e21cb6807d7fb",
                "shasum": ""
            },
            "require": {
                "php": ">=5.3.0"
            },
            "type": "library",
            "extra": {
                "branch-alias": {
                    "dev-lib": "1.6.x-dev"
                }
            },
            "autoload": {
                "psr-0": {
                    "Michelf": ""
                }
            },
            "notification-url": "https://packagist.org/downloads/",
            "license": [
                "BSD-3-Clause"
            ],
            "authors": [
                {
                    "name": "Michel Fortin",
                    "email": "michel.fortin@michelf.ca",
                    "homepage": "https://michelf.ca/",
                    "role": "Developer"
                },
                {
                    "name": "John Gruber",
                    "homepage": "https://daringfireball.net/"
                }
            ],
            "description": "PHP SmartyPants",
            "homepage": "https://michelf.ca/projects/php-smartypants/",
            "keywords": [
                "dashes",
                "quotes",
                "spaces",
                "typographer",
                "typography"
            ],
            "time": "2016-10-10T18:14:08+00:00"
        },
        {
            "name": "mos/cimage",
            "version": "v0.7.19",
            "source": {
                "type": "git",
                "url": "https://github.com/mosbth/cimage.git",
                "reference": "f9604518e478a5097f29f991b61ba8ee36e7e5ba"
            },
            "dist": {
                "type": "zip",
                "url": "https://api.github.com/repos/mosbth/cimage/zipball/f9604518e478a5097f29f991b61ba8ee36e7e5ba",
                "reference": "f9604518e478a5097f29f991b61ba8ee36e7e5ba",
                "shasum": ""
            },
            "require": {
                "ext-gd": "*",
                "php": ">=5.3"
            },
            "suggest": {
                "ext-curl": "*",
                "ext-exif": "*",
                "ext-imagick": "*"
            },
            "type": "library",
            "autoload": {
                "files": [
                    "defines.php",
                    "functions.php"
                ],
                "classmap": [
                    "CImage.php",
                    "CHttpGet.php",
                    "CRemoteImage.php",
                    "CWhitelist.php",
                    "CAsciiArt.php",
                    "CCache.php",
                    "CFastTrackCache.php"
                ]
            },
            "notification-url": "https://packagist.org/downloads/",
            "license": [
                "MIT"
            ],
            "authors": [
                {
                    "name": "Mikael Roos",
                    "email": "me@mikaelroos.se",
                    "homepage": "http://mikaelroos.se",
                    "role": "Developer"
                }
            ],
            "description": "Process, scale, resize, crop and filter images.",
            "homepage": "http://dbwebb.se/opensource/cimage",
            "keywords": [
                "gd",
                "image",
                "imageprocessing"
            ],
            "time": "2017-03-30T22:47:55+00:00"
        },
        {
            "name": "scrivo/highlight.php",
            "version": "v9.0.0",
            "source": {
                "type": "git",
                "url": "https://github.com/scrivo/highlight.php.git",
                "reference": "a905bf346a47f5fa40f33641b346c37f418d1242"
            },
            "dist": {
                "type": "zip",
                "url": "https://api.github.com/repos/scrivo/highlight.php/zipball/a905bf346a47f5fa40f33641b346c37f418d1242",
                "reference": "a905bf346a47f5fa40f33641b346c37f418d1242",
                "shasum": ""
            },
            "type": "library",
            "autoload": {
                "psr-0": {
                    "Highlight\\": ""
                }
            },
            "notification-url": "https://packagist.org/downloads/",
            "license": [
                "BSD-3-Clause"
            ],
            "description": "Server side syntax highlighter that supports over 90 languages. It's a PHP port of highlight.js",
            "keywords": [
                "code",
                "highlight",
                "highlight.js",
                "highlight.php",
                "syntax"
            ],
            "time": "2016-01-01T14:08:00+00:00"
        },
        {
            "name": "symfony/yaml",
            "version": "v3.3.6",
            "source": {
                "type": "git",
                "url": "https://github.com/symfony/yaml.git",
                "reference": "ddc23324e6cfe066f3dd34a37ff494fa80b617ed"
            },
            "dist": {
                "type": "zip",
                "url": "https://api.github.com/repos/symfony/yaml/zipball/ddc23324e6cfe066f3dd34a37ff494fa80b617ed",
                "reference": "ddc23324e6cfe066f3dd34a37ff494fa80b617ed",
                "shasum": ""
            },
            "require": {
                "php": ">=5.5.9"
            },
            "require-dev": {
                "symfony/console": "~2.8|~3.0"
            },
            "suggest": {
                "symfony/console": "For validating YAML files using the lint command"
            },
            "type": "library",
            "extra": {
                "branch-alias": {
                    "dev-master": "3.3-dev"
                }
            },
            "autoload": {
                "psr-4": {
                    "Symfony\\Component\\Yaml\\": ""
                },
                "exclude-from-classmap": [
                    "/Tests/"
                ]
            },
            "notification-url": "https://packagist.org/downloads/",
            "license": [
                "MIT"
            ],
            "authors": [
                {
                    "name": "Fabien Potencier",
                    "email": "fabien@symfony.com"
                },
                {
                    "name": "Symfony Community",
                    "homepage": "https://symfony.com/contributors"
                }
            ],
            "description": "Symfony Yaml Component",
            "homepage": "https://symfony.com",
            "time": "2017-07-23T12:43:26+00:00"
        }
    ],
    "packages-dev": [],
    "aliases": [],
    "minimum-stability": "stable",
    "stability-flags": [],
    "prefer-stable": false,
    "prefer-lowest": false,
    "platform": [],
    "platform-dev": []
}
